// !$*UTF8*$!
{
	archiveVersion = 1;
	classes = {
	};
	objectVersion = 50;
	objects = {

/* Begin PBXBuildFile section */
		CC22EAF622575A8C000A1AA2 /* AppDelegate.swift in Sources */ = {isa = PBXBuildFile; fileRef = CC22EAF522575A8C000A1AA2 /* AppDelegate.swift */; };
		CC22EAF822575A8C000A1AA2 /* ViewController.swift in Sources */ = {isa = PBXBuildFile; fileRef = CC22EAF722575A8C000A1AA2 /* ViewController.swift */; };
		CC22EAFB22575A8C000A1AA2 /* Main.storyboard in Resources */ = {isa = PBXBuildFile; fileRef = CC22EAF922575A8C000A1AA2 /* Main.storyboard */; };
		CC22EAFE22575A8C000A1AA2 /* Core_Data_Aula.xcdatamodeld in Sources */ = {isa = PBXBuildFile; fileRef = CC22EAFC22575A8C000A1AA2 /* Core_Data_Aula.xcdatamodeld */; };
		CC22EB0022575A8E000A1AA2 /* Assets.xcassets in Resources */ = {isa = PBXBuildFile; fileRef = CC22EAFF22575A8E000A1AA2 /* Assets.xcassets */; };
		CC22EB0322575A8E000A1AA2 /* LaunchScreen.storyboard in Resources */ = {isa = PBXBuildFile; fileRef = CC22EB0122575A8E000A1AA2 /* LaunchScreen.storyboard */; };
/* End PBXBuildFile section */

/* Begin PBXFileReference section */
		CC22EAF222575A8C000A1AA2 /* Core Data Aula.app */ = {isa = PBXFileReference; explicitFileType = wrapper.application; includeInIndex = 0; path = "Core Data Aula.app"; sourceTree = BUILT_PRODUCTS_DIR; };
		CC22EAF522575A8C000A1AA2 /* AppDelegate.swift */ = {isa = PBXFileReference; lastKnownFileType = sourcecode.swift; path = AppDelegate.swift; sourceTree = "<group>"; };
		CC22EAF722575A8C000A1AA2 /* ViewController.swift */ = {isa = PBXFileReference; lastKnownFileType = sourcecode.swift; path = ViewController.swift; sourceTree = "<group>"; };
		CC22EAFA22575A8C000A1AA2 /* Base */ = {isa = PBXFileReference; lastKnownFileType = file.storyboard; name = Base; path = Base.lproj/Main.storyboard; sourceTree = "<group>"; };
		CC22EAFD22575A8C000A1AA2 /* Core_Data_Aula.xcdatamodel */ = {isa = PBXFileReference; lastKnownFileType = wrapper.xcdatamodel; path = Core_Data_Aula.xcdatamodel; sourceTree = "<group>"; };
		CC22EAFF22575A8E000A1AA2 /* Assets.xcassets */ = {isa = PBXFileReference; lastKnownFileType = folder.assetcatalog; path = Assets.xcassets; sourceTree = "<group>"; };
		CC22EB0222575A8E000A1AA2 /* Base */ = {isa = PBXFileReference; lastKnownFileType = file.storyboard; name = Base; path = Base.lproj/LaunchScreen.storyboard; sourceTree = "<group>"; };
		CC22EB0422575A8E000A1AA2 /* Info.plist */ = {isa = PBXFileReference; lastKnownFileType = text.plist.xml; path = Info.plist; sourceTree = "<group>"; };
/* End PBXFileReference section */

/* Begin PBXFrameworksBuildPhase section */
		CC22EAEF22575A8C000A1AA2 /* Frameworks */ = {
			isa = PBXFrameworksBuildPhase;
			buildActionMask = 2147483647;
			files = (
			);
			runOnlyForDeploymentPostprocessing = 0;
		};
/* End PBXFrameworksBuildPhase section */

/* Begin PBXGroup section */
		CC22EAE922575A8C000A1AA2 = {
			isa = PBXGroup;
			children = (
				CC22EAF422575A8C000A1AA2 /* Core Data Aula */,
				CC22EAF322575A8C000A1AA2 /* Products */,
			);
			sourceTree = "<group>";
		};
		CC22EAF322575A8C000A1AA2 /* Products */ = {
			isa = PBXGroup;
			children = (
				CC22EAF222575A8C000A1AA2 /* Core Data Aula.app */,
			);
			name = Products;
			sourceTree = "<group>";
		};
		CC22EAF422575A8C000A1AA2 /* Core Data Aula */ = {
			isa = PBXGroup;
			children = (
				CC22EAF522575A8C000A1AA2 /* AppDelegate.swift */,
				CC22EAF722575A8C000A1AA2 /* ViewController.swift */,
				CC22EAF922575A8C000A1AA2 /* Main.storyboard */,
				CC22EAFF22575A8E000A1AA2 /* Assets.xcassets */,
				CC22EB0122575A8E000A1AA2 /* LaunchScreen.storyboard */,
				CC22EB0422575A8E000A1AA2 /* Info.plist */,
				CC22EAFC22575A8C000A1AA2 /* Core_Data_Aula.xcdatamodeld */,
			);
			path = "Core Data Aula";
			sourceTree = "<group>";
		};
/* End PBXGroup section */

/* Begin PBXNativeTarget section */
		CC22EAF122575A8C000A1AA2 /* Core Data Aula */ = {
			isa = PBXNativeTarget;
			buildConfigurationList = CC22EB0722575A8E000A1AA2 /* Build configuration list for PBXNativeTarget "Core Data Aula" */;
			buildPhases = (
				CC22EAEE22575A8C000A1AA2 /* Sources */,
				CC22EAEF22575A8C000A1AA2 /* Frameworks */,
				CC22EAF022575A8C000A1AA2 /* Resources */,
			);
			buildRules = (
			);
			dependencies = (
			);
			name = "Core Data Aula";
			productName = "Core Data Aula";
			productReference = CC22EAF222575A8C000A1AA2 /* Core Data Aula.app */;
			productType = "com.apple.product-type.application";
		};
/* End PBXNativeTarget section */

/* Begin PBXProject section */
		CC22EAEA22575A8C000A1AA2 /* Project object */ = {
			isa = PBXProject;
			attributes = {
				LastSwiftUpdateCheck = 1020;
				LastUpgradeCheck = 1020;
				ORGANIZATIONNAME = Growup;
				TargetAttributes = {
					CC22EAF122575A8C000A1AA2 = {
						CreatedOnToolsVersion = 10.2;
					};
				};
			};
			buildConfigurationList = CC22EAED22575A8C000A1AA2 /* Build configuration list for PBXProject "Core Data Aula" */;
			compatibilityVersion = "Xcode 9.3";
			developmentRegion = en;
			hasScannedForEncodings = 0;
			knownRegions = (
				en,
				Base,
			);
			mainGroup = CC22EAE922575A8C000A1AA2;
			productRefGroup = CC22EAF322575A8C000A1AA2 /* Products */;
			projectDirPath = "";
			projectRoot = "";
			targets = (
				CC22EAF122575A8C000A1AA2 /* Core Data Aula */,
			);
		};
/* End PBXProject section */

/* Begin PBXResourcesBuildPhase section */
		CC22EAF022575A8C000A1AA2 /* Resources */ = {
			isa = PBXResourcesBuildPhase;
			buildActionMask = 2147483647;
			files = (
				CC22EB0322575A8E000A1AA2 /* LaunchScreen.storyboard in Resources */,
				CC22EB0022575A8E000A1AA2 /* Assets.xcassets in Resources */,
				CC22EAFB22575A8C000A1AA2 /* Main.storyboard in Resources */,
			);
			runOnlyForDeploymentPostprocessing = 0;
		};
/* End PBXResourcesBuildPhase section */

/* Begin PBXSourcesBuildPhase section */
		CC22EAEE22575A8C000A1AA2 /* Sources */ = {
			isa = PBXSourcesBuildPhase;
			buildActionMask = 2147483647;
			files = (
				CC22EAF822575A8C000A1AA2 /* ViewController.swift in Sources */,
				CC22EAF622575A8C000A1AA2 /* AppDelegate.swift in Sources */,
				CC22EAFE22575A8C000A1AA2 /* Core_Data_Aula.xcdatamodeld in Sources */,
			);
			runOnlyForDeploymentPostprocessing = 0;
		};
/* End PBXSourcesBuildPhase section */

/* Begin PBXVariantGroup section */
		CC22EAF922575A8C000A1AA2 /* Main.storyboard */ = {
			isa = PBXVariantGroup;
			children = (
				CC22EAFA22575A8C000A1AA2 /* Base */,
			);
			name = Main.storyboard;
			sourceTree = "<group>";
		};
		CC22EB0122575A8E000A1AA2 /* LaunchScreen.storyboard */ = {
			isa = PBXVariantGroup;
			children = (
				CC22EB0222575A8E000A1AA2 /* Base */,
			);
			name = LaunchScreen.storyboard;
			sourceTree = "<group>";
		};
/* End PBXVariantGroup section */

/* Begin XCBuildConfiguration section */
		CC22EB0522575A8E000A1AA2 /* Debug */ = {
			isa = XCBuildConfiguration;
			buildSettings = {
				ALWAYS_SEARCH_USER_PATHS = NO;
				CLANG_ANALYZER_NONNULL = YES;
				CLANG_ANALYZER_NUMBER_OBJECT_CONVERSION = YES_AGGRESSIVE;
				CLANG_CXX_LANGUAGE_STANDARD = "gnu++14";
				CLANG_CXX_LIBRARY = "libc++";
				CLANG_ENABLE_MODULES = YES;
				CLANG_ENABLE_OBJC_ARC = YES;
				CLANG_ENABLE_OBJC_WEAK = YES;
				CLANG_WARN_BLOCK_CAPTURE_AUTORELEASING = YES;
				CLANG_WARN_BOOL_CONVERSION = YES;
				CLANG_WARN_COMMA = YES;
				CLANG_WARN_CONSTANT_CONVERSION = YES;
				CLANG_WARN_DEPRECATED_OBJC_IMPLEMENTATIONS = YES;
				CLANG_WARN_DIRECT_OBJC_ISA_USAGE = YES_ERROR;
				CLANG_WARN_DOCUMENTATION_COMMENTS = YES;
				CLANG_WARN_EMPTY_BODY = YES;
				CLANG_WARN_ENUM_CONVERSION = YES;
				CLANG_WARN_INFINITE_RECURSION = YES;
				CLANG_WARN_INT_CONVERSION = YES;
				CLANG_WARN_NON_LITERAL_NULL_CONVERSION = YES;
				CLANG_WARN_OBJC_IMPLICIT_RETAIN_SELF = YES;
				CLANG_WARN_OBJC_LITERAL_CONVERSION = YES;
				CLANG_WARN_OBJC_ROOT_CLASS = YES_ERROR;
				CLANG_WARN_RANGE_LOOP_ANALYSIS = YES;
				CLANG_WARN_STRICT_PROTOTYPES = YES;
				CLANG_WARN_SUSPICIOUS_MOVE = YES;
				CLANG_WARN_UNGUARDED_AVAILABILITY = YES_AGGRESSIVE;
				CLANG_WARN_UNREACHABLE_CODE = YES;
				CLANG_WARN__DUPLICATE_METHOD_MATCH = YES;
				CODE_SIGN_IDENTITY = "iPhone Developer";
				COPY_PHASE_STRIP = NO;
				DEBUG_INFORMATION_FORMAT = dwarf;
				ENABLE_STRICT_OBJC_MSGSEND = YES;
				ENABLE_TESTABILITY = YES;
				GCC_C_LANGUAGE_STANDARD = gnu11;
				GCC_DYNAMIC_NO_PIC = NO;
				GCC_NO_COMMON_BLOCKS = YES;
				GCC_OPTIMIZATION_LEVEL = 0;
				GCC_PREPROCESSOR_DEFINITIONS = (
					"DEBUG=1",
					"$(inherited)",
				);
				GCC_WARN_64_TO_32_BIT_CONVERSION = YES;
				GCC_WARN_ABOUT_RETURN_TYPE = YES_ERROR;
				GCC_WARN_UNDECLARED_SELECTOR = YES;
				GCC_WARN_UNINITIALIZED_AUTOS = YES_AGGRESSIVE;
				GCC_WARN_UNUSED_FUNCTION = YES;
				GCC_WARN_UNUSED_VARIABLE = YES;
				IPHONEOS_DEPLOYMENT_TARGET = 12.2;
				MTL_ENABLE_DEBUG_INFO = INCLUDE_SOURCE;
				MTL_FAST_MATH = YES;
				ONLY_ACTIVE_ARCH = YES;
				SDKROOT = iphoneos;
				SWIFT_ACTIVE_COMPILATION_CONDITIONS = DEBUG;
				SWIFT_OPTIMIZATION_LEVEL = "-Onone";
			};
			name = Debug;
		};
		CC22EB0622575A8E000A1AA2 /* Release */ = {
			isa = XCBuildConfiguration;
			buildSettings = {
				ALWAYS_SEARCH_USER_PATHS = NO;
				CLANG_ANALYZER_NONNULL = YES;
				CLANG_ANALYZER_NUMBER_OBJECT_CONVERSION = YES_AGGRESSIVE;
				CLANG_CXX_LANGUAGE_STANDARD = "gnu++14";
				CLANG_CXX_LIBRARY = "libc++";
				CLANG_ENABLE_MODULES = YES;
				CLANG_ENABLE_OBJC_ARC = YES;
				CLANG_ENABLE_OBJC_WEAK = YES;
				CLANG_WARN_BLOCK_CAPTURE_AUTORELEASING = YES;
				CLANG_WARN_BOOL_CONVERSION = YES;
				CLANG_WARN_COMMA = YES;
				CLANG_WARN_CONSTANT_CONVERSION = YES;
				CLANG_WARN_DEPRECATED_OBJC_IMPLEMENTATIONS = YES;
				CLANG_WARN_DIRECT_OBJC_ISA_USAGE = YES_ERROR;
				CLANG_WARN_DOCUMENTATION_COMMENTS = YES;
				CLANG_WARN_EMPTY_BODY = YES;
				CLANG_WARN_ENUM_CONVERSION = YES;
				CLANG_WARN_INFINITE_RECURSION = YES;
				CLANG_WARN_INT_CONVERSION = YES;
				CLANG_WARN_NON_LITERAL_NULL_CONVERSION = YES;
				CLANG_WARN_OBJC_IMPLICIT_RETAIN_SELF = YES;
				CLANG_WARN_OBJC_LITERAL_CONVERSION = YES;
				CLANG_WARN_OBJC_ROOT_CLASS = YES_ERROR;
				CLANG_WARN_RANGE_LOOP_ANALYSIS = YES;
				CLANG_WARN_STRICT_PROTOTYPES = YES;
				CLANG_WARN_SUSPICIOUS_MOVE = YES;
				CLANG_WARN_UNGUARDED_AVAILABILITY = YES_AGGRESSIVE;
				CLANG_WARN_UNREACHABLE_CODE = YES;
				CLANG_WARN__DUPLICATE_METHOD_MATCH = YES;
				CODE_SIGN_IDENTITY = "iPhone Developer";
				COPY_PHASE_STRIP = NO;
				DEBUG_INFORMATION_FORMAT = "dwarf-with-dsym";
				ENABLE_NS_ASSERTIONS = NO;
				ENABLE_STRICT_OBJC_MSGSEND = YES;
				GCC_C_LANGUAGE_STANDARD = gnu11;
				GCC_NO_COMMON_BLOCKS = YES;
				GCC_WARN_64_TO_32_BIT_CONVERSION = YES;
				GCC_WARN_ABOUT_RETURN_TYPE = YES_ERROR;
				GCC_WARN_UNDECLARED_SELECTOR = YES;
				GCC_WARN_UNINITIALIZED_AUTOS = YES_AGGRESSIVE;
				GCC_WARN_UNUSED_FUNCTION = YES;
				GCC_WARN_UNUSED_VARIABLE = YES;
				IPHONEOS_DEPLOYMENT_TARGET = 12.2;
				MTL_ENABLE_DEBUG_INFO = NO;
				MTL_FAST_MATH = YES;
				SDKROOT = iphoneos;
				SWIFT_COMPILATION_MODE = wholemodule;
				SWIFT_OPTIMIZATION_LEVEL = "-O";
				VALIDATE_PRODUCT = YES;
			};
			name = Release;
		};
		CC22EB0822575A8E000A1AA2 /* Debug */ = {
			isa = XCBuildConfiguration;
			buildSettings = {
				ASSETCATALOG_COMPILER_APPICON_NAME = AppIcon;
				CODE_SIGN_STYLE = Automatic;
				DEVELOPMENT_TEAM = 35L88272GP;
				INFOPLIST_FILE = "Core Data Aula/Info.plist";
				IPHONEOS_DEPLOYMENT_TARGET = 12.1;
				LD_RUNPATH_SEARCH_PATHS = (
					"$(inherited)",
					"@executable_path/Frameworks",
				);
				PRODUCT_BUNDLE_IDENTIFIER = "com.imwvendanova.Core-Data-Aula";
				PRODUCT_NAME = "$(TARGET_NAME)";
				SWIFT_VERSION = 5.0;
				TARGETED_DEVICE_FAMILY = "1,2";
			};
			name = Debug;
		};
		CC22EB0922575A8E000A1AA2 /* Release */ = {
			isa = XCBuildConfiguration;
			buildSettings = {
				ASSETCATALOG_COMPILER_APPICON_NAME = AppIcon;
				CODE_SIGN_STYLE = Automatic;
				DEVELOPMENT_TEAM = 35L88272GP;
				INFOPLIST_FILE = "Core Data Aula/Info.plist";
				IPHONEOS_DEPLOYMENT_TARGET = 12.1;
				LD_RUNPATH_SEARCH_PATHS = (
					"$(inherited)",
					"@executable_path/Frameworks",
				);
				PRODUCT_BUNDLE_IDENTIFIER = "com.imwvendanova.Core-Data-Aula";
				PRODUCT_NAME = "$(TARGET_NAME)";
				SWIFT_VERSION = 5.0;
				TARGETED_DEVICE_FAMILY = "1,2";
			};
			name = Release;
		};
/* End XCBuildConfiguration section */

/* Begin XCConfigurationList section */
		CC22EAED22575A8C000A1AA2 /* Build configuration list for PBXProject "Core Data Aula" */ = {
			isa = XCConfigurationList;
			buildConfigurations = (
				CC22EB0522575A8E000A1AA2 /* Debug */,
				CC22EB0622575A8E000A1AA2 /* Release */,
			);
			defaultConfigurationIsVisible = 0;
			defaultConfigurationName = Release;
		};
		CC22EB0722575A8E000A1AA2 /* Build configuration list for PBXNativeTarget "Core Data Aula" */ = {
			isa = XCConfigurationList;
			buildConfigurations = (
				CC22EB0822575A8E000A1AA2 /* Debug */,
				CC22EB0922575A8E000A1AA2 /* Release */,
			);
			defaultConfigurationIsVisible = 0;
			defaultConfigurationName = Release;
		};
/* End XCConfigurationList section */

/* Begin XCVersionGroup section */
		CC22EAFC22575A8C000A1AA2 /* Core_Data_Aula.xcdatamodeld */ = {
			isa = XCVersionGroup;
			children = (
				CC22EAFD22575A8C000A1AA2 /* Core_Data_Aula.xcdatamodel */,
			);
			currentVersion = CC22EAFD22575A8C000A1AA2 /* Core_Data_Aula.xcdatamodel */;
			path = Core_Data_Aula.xcdatamodeld;
			sourceTree = "<group>";
			versionGroupType = wrapper.xcdatamodel;
		};
/* End XCVersionGroup section */
	};
	rootObject = CC22EAEA22575A8C000A1AA2 /* Project object */;
}
