// !$*UTF8*$!
{
	archiveVersion = 1;
	classes = {
	};
	objectVersion = 50;
	objects = {

/* Begin PBXBuildFile section */
		5C046A1B242BC93700BE3616 /* MainTabBarController.swift in Sources */ = {isa = PBXBuildFile; fileRef = 5C046A1A242BC93700BE3616 /* MainTabBarController.swift */; };
		5CE130AF242A5D280041AD1C /* AppDelegate.swift in Sources */ = {isa = PBXBuildFile; fileRef = 5CE130AE242A5D280041AD1C /* AppDelegate.swift */; };
		5CE130B1242A5D280041AD1C /* SceneDelegate.swift in Sources */ = {isa = PBXBuildFile; fileRef = 5CE130B0242A5D280041AD1C /* SceneDelegate.swift */; };
		5CE130B6242A5D280041AD1C /* Main.storyboard in Resources */ = {isa = PBXBuildFile; fileRef = 5CE130B4242A5D280041AD1C /* Main.storyboard */; };
		5CE130B9242A5D280041AD1C /* HowToUseCoordinatorPattern.xcdatamodeld in Sources */ = {isa = PBXBuildFile; fileRef = 5CE130B7242A5D280041AD1C /* HowToUseCoordinatorPattern.xcdatamodeld */; };
		5CE130BB242A5D2A0041AD1C /* Assets.xcassets in Resources */ = {isa = PBXBuildFile; fileRef = 5CE130BA242A5D2A0041AD1C /* Assets.xcassets */; };
		5CE130BE242A5D2A0041AD1C /* LaunchScreen.storyboard in Resources */ = {isa = PBXBuildFile; fileRef = 5CE130BC242A5D2A0041AD1C /* LaunchScreen.storyboard */; };
		5CE130C9242A5D2A0041AD1C /* HowToUseCoordinatorPatternTests.swift in Sources */ = {isa = PBXBuildFile; fileRef = 5CE130C8242A5D2A0041AD1C /* HowToUseCoordinatorPatternTests.swift */; };
		5CE130DB242A5E080041AD1C /* Coordinator.swift in Sources */ = {isa = PBXBuildFile; fileRef = 5CE130DA242A5E080041AD1C /* Coordinator.swift */; };
		5CE130DD242A5E430041AD1C /* Storyboarded.swift in Sources */ = {isa = PBXBuildFile; fileRef = 5CE130DC242A5E430041AD1C /* Storyboarded.swift */; };
		5CE130DF242A5F220041AD1C /* MainViewController.swift in Sources */ = {isa = PBXBuildFile; fileRef = 5CE130DE242A5F220041AD1C /* MainViewController.swift */; };
		5CE130E1242A5F5E0041AD1C /* MainCoordinator.swift in Sources */ = {isa = PBXBuildFile; fileRef = 5CE130E0242A5F5E0041AD1C /* MainCoordinator.swift */; };
		5CE130E3242A622A0041AD1C /* BuyViewController.swift in Sources */ = {isa = PBXBuildFile; fileRef = 5CE130E2242A622A0041AD1C /* BuyViewController.swift */; };
		5CE130E5242A62460041AD1C /* CreateAccountViewController.swift in Sources */ = {isa = PBXBuildFile; fileRef = 5CE130E4242A62460041AD1C /* CreateAccountViewController.swift */; };
		5CF97C63242BDF19002EF8ED /* BuyCoordinator.swift in Sources */ = {isa = PBXBuildFile; fileRef = 5CF97C62242BDF19002EF8ED /* BuyCoordinator.swift */; };
		5CF97C67242BED45002EF8ED /* Buying.swift in Sources */ = {isa = PBXBuildFile; fileRef = 5CF97C66242BED45002EF8ED /* Buying.swift */; };
		5CF97C6A242BF0B1002EF8ED /* FavoritesCoordinator.swift in Sources */ = {isa = PBXBuildFile; fileRef = 5CF97C69242BF0B1002EF8ED /* FavoritesCoordinator.swift */; };
		5CF97C6C242BF0C7002EF8ED /* ProfileCoordinator.swift in Sources */ = {isa = PBXBuildFile; fileRef = 5CF97C6B242BF0C7002EF8ED /* ProfileCoordinator.swift */; };
		5CF97C6E242BF0E3002EF8ED /* FavoritesTableViewController.swift in Sources */ = {isa = PBXBuildFile; fileRef = 5CF97C6D242BF0E3002EF8ED /* FavoritesTableViewController.swift */; };
		5CF97C70242BF0EE002EF8ED /* ProfileViewController.swift in Sources */ = {isa = PBXBuildFile; fileRef = 5CF97C6F242BF0EE002EF8ED /* ProfileViewController.swift */; };
/* End PBXBuildFile section */

/* Begin PBXContainerItemProxy section */
		5CE130C5242A5D2A0041AD1C /* PBXContainerItemProxy */ = {
			isa = PBXContainerItemProxy;
			containerPortal = 5CE130A3242A5D280041AD1C /* Project object */;
			proxyType = 1;
			remoteGlobalIDString = 5CE130AA242A5D280041AD1C;
			remoteInfo = HowToUseCoordinatorPattern;
		};
/* End PBXContainerItemProxy section */

/* Begin PBXFileReference section */
		5C046A1A242BC93700BE3616 /* MainTabBarController.swift */ = {isa = PBXFileReference; lastKnownFileType = sourcecode.swift; path = MainTabBarController.swift; sourceTree = "<group>"; };
		5CE130AB242A5D280041AD1C /* HowToUseCoordinatorPattern.app */ = {isa = PBXFileReference; explicitFileType = wrapper.application; includeInIndex = 0; path = HowToUseCoordinatorPattern.app; sourceTree = BUILT_PRODUCTS_DIR; };
		5CE130AE242A5D280041AD1C /* AppDelegate.swift */ = {isa = PBXFileReference; lastKnownFileType = sourcecode.swift; path = AppDelegate.swift; sourceTree = "<group>"; };
		5CE130B0242A5D280041AD1C /* SceneDelegate.swift */ = {isa = PBXFileReference; lastKnownFileType = sourcecode.swift; path = SceneDelegate.swift; sourceTree = "<group>"; };
		5CE130B5242A5D280041AD1C /* Base */ = {isa = PBXFileReference; lastKnownFileType = file.storyboard; name = Base; path = Base.lproj/Main.storyboard; sourceTree = "<group>"; };
		5CE130B8242A5D280041AD1C /* HowToUseCoordinatorPattern.xcdatamodel */ = {isa = PBXFileReference; lastKnownFileType = wrapper.xcdatamodel; path = HowToUseCoordinatorPattern.xcdatamodel; sourceTree = "<group>"; };
		5CE130BA242A5D2A0041AD1C /* Assets.xcassets */ = {isa = PBXFileReference; lastKnownFileType = folder.assetcatalog; path = Assets.xcassets; sourceTree = "<group>"; };
		5CE130BD242A5D2A0041AD1C /* Base */ = {isa = PBXFileReference; lastKnownFileType = file.storyboard; name = Base; path = Base.lproj/LaunchScreen.storyboard; sourceTree = "<group>"; };
		5CE130BF242A5D2A0041AD1C /* Info.plist */ = {isa = PBXFileReference; lastKnownFileType = text.plist.xml; path = Info.plist; sourceTree = "<group>"; };
		5CE130C4242A5D2A0041AD1C /* HowToUseCoordinatorPatternTests.xctest */ = {isa = PBXFileReference; explicitFileType = wrapper.cfbundle; includeInIndex = 0; path = HowToUseCoordinatorPatternTests.xctest; sourceTree = BUILT_PRODUCTS_DIR; };
		5CE130C8242A5D2A0041AD1C /* HowToUseCoordinatorPatternTests.swift */ = {isa = PBXFileReference; lastKnownFileType = sourcecode.swift; path = HowToUseCoordinatorPatternTests.swift; sourceTree = "<group>"; };
		5CE130CA242A5D2A0041AD1C /* Info.plist */ = {isa = PBXFileReference; lastKnownFileType = text.plist.xml; path = Info.plist; sourceTree = "<group>"; };
		5CE130DA242A5E080041AD1C /* Coordinator.swift */ = {isa = PBXFileReference; lastKnownFileType = sourcecode.swift; path = Coordinator.swift; sourceTree = "<group>"; };
		5CE130DC242A5E430041AD1C /* Storyboarded.swift */ = {isa = PBXFileReference; lastKnownFileType = sourcecode.swift; path = Storyboarded.swift; sourceTree = "<group>"; };
		5CE130DE242A5F220041AD1C /* MainViewController.swift */ = {isa = PBXFileReference; lastKnownFileType = sourcecode.swift; path = MainViewController.swift; sourceTree = "<group>"; };
		5CE130E0242A5F5E0041AD1C /* MainCoordinator.swift */ = {isa = PBXFileReference; lastKnownFileType = sourcecode.swift; path = MainCoordinator.swift; sourceTree = "<group>"; };
		5CE130E2242A622A0041AD1C /* BuyViewController.swift */ = {isa = PBXFileReference; lastKnownFileType = sourcecode.swift; path = BuyViewController.swift; sourceTree = "<group>"; };
		5CE130E4242A62460041AD1C /* CreateAccountViewController.swift */ = {isa = PBXFileReference; lastKnownFileType = sourcecode.swift; path = CreateAccountViewController.swift; sourceTree = "<group>"; };
		5CF97C62242BDF19002EF8ED /* BuyCoordinator.swift */ = {isa = PBXFileReference; lastKnownFileType = sourcecode.swift; path = BuyCoordinator.swift; sourceTree = "<group>"; };
		5CF97C66242BED45002EF8ED /* Buying.swift */ = {isa = PBXFileReference; lastKnownFileType = sourcecode.swift; path = Buying.swift; sourceTree = "<group>"; };
		5CF97C69242BF0B1002EF8ED /* FavoritesCoordinator.swift */ = {isa = PBXFileReference; lastKnownFileType = sourcecode.swift; path = FavoritesCoordinator.swift; sourceTree = "<group>"; };
		5CF97C6B242BF0C7002EF8ED /* ProfileCoordinator.swift */ = {isa = PBXFileReference; lastKnownFileType = sourcecode.swift; path = ProfileCoordinator.swift; sourceTree = "<group>"; };
		5CF97C6D242BF0E3002EF8ED /* FavoritesTableViewController.swift */ = {isa = PBXFileReference; lastKnownFileType = sourcecode.swift; path = FavoritesTableViewController.swift; sourceTree = "<group>"; };
		5CF97C6F242BF0EE002EF8ED /* ProfileViewController.swift */ = {isa = PBXFileReference; lastKnownFileType = sourcecode.swift; path = ProfileViewController.swift; sourceTree = "<group>"; };
/* End PBXFileReference section */

/* Begin PBXFrameworksBuildPhase section */
		5CE130A8242A5D280041AD1C /* Frameworks */ = {
			isa = PBXFrameworksBuildPhase;
			buildActionMask = 2147483647;
			files = (
			);
			runOnlyForDeploymentPostprocessing = 0;
		};
		5CE130C1242A5D2A0041AD1C /* Frameworks */ = {
			isa = PBXFrameworksBuildPhase;
			buildActionMask = 2147483647;
			files = (
			);
			runOnlyForDeploymentPostprocessing = 0;
		};
/* End PBXFrameworksBuildPhase section */

/* Begin PBXGroup section */
		5CE130A2242A5D280041AD1C = {
			isa = PBXGroup;
			children = (
				5CE130AD242A5D280041AD1C /* HowToUseCoordinatorPattern */,
				5CE130C7242A5D2A0041AD1C /* HowToUseCoordinatorPatternTests */,
				5CE130AC242A5D280041AD1C /* Products */,
			);
			sourceTree = "<group>";
		};
		5CE130AC242A5D280041AD1C /* Products */ = {
			isa = PBXGroup;
			children = (
				5CE130AB242A5D280041AD1C /* HowToUseCoordinatorPattern.app */,
				5CE130C4242A5D2A0041AD1C /* HowToUseCoordinatorPatternTests.xctest */,
			);
			name = Products;
			sourceTree = "<group>";
		};
		5CE130AD242A5D280041AD1C /* HowToUseCoordinatorPattern */ = {
			isa = PBXGroup;
			children = (
				5CE130BF242A5D2A0041AD1C /* Info.plist */,
				5CE130B7242A5D280041AD1C /* HowToUseCoordinatorPattern.xcdatamodeld */,
				5CE130D8242A5DA40041AD1C /* Assets */,
				5CE130D3242A5D3C0041AD1C /* Delegates */,
				5CE130D9242A5DFB0041AD1C /* Coordinators */,
				5CE130D6242A5D430041AD1C /* Models */,
				5CE130D5242A5D420041AD1C /* Views */,
				5CE130D4242A5D400041AD1C /* Presenters */,
				5CE130D7242A5D5B0041AD1C /* Storyboards */,
			);
			path = HowToUseCoordinatorPattern;
			sourceTree = "<group>";
		};
		5CE130C7242A5D2A0041AD1C /* HowToUseCoordinatorPatternTests */ = {
			isa = PBXGroup;
			children = (
				5CE130C8242A5D2A0041AD1C /* HowToUseCoordinatorPatternTests.swift */,
				5CE130CA242A5D2A0041AD1C /* Info.plist */,
			);
			path = HowToUseCoordinatorPatternTests;
			sourceTree = "<group>";
		};
		5CE130D3242A5D3C0041AD1C /* Delegates */ = {
			isa = PBXGroup;
			children = (
				5CE130AE242A5D280041AD1C /* AppDelegate.swift */,
				5CE130B0242A5D280041AD1C /* SceneDelegate.swift */,
			);
			path = Delegates;
			sourceTree = "<group>";
		};
		5CE130D4242A5D400041AD1C /* Presenters */ = {
			isa = PBXGroup;
			children = (
			);
			path = Presenters;
			sourceTree = "<group>";
		};
		5CE130D5242A5D420041AD1C /* Views */ = {
			isa = PBXGroup;
			children = (
				5CE130DE242A5F220041AD1C /* MainViewController.swift */,
				5CE130E2242A622A0041AD1C /* BuyViewController.swift */,
				5CE130E4242A62460041AD1C /* CreateAccountViewController.swift */,
				5CF97C6D242BF0E3002EF8ED /* FavoritesTableViewController.swift */,
				5CF97C6F242BF0EE002EF8ED /* ProfileViewController.swift */,
			);
			path = Views;
			sourceTree = "<group>";
		};
		5CE130D6242A5D430041AD1C /* Models */ = {
			isa = PBXGroup;
			children = (
			);
			path = Models;
			sourceTree = "<group>";
		};
		5CE130D7242A5D5B0041AD1C /* Storyboards */ = {
			isa = PBXGroup;
			children = (
				5CE130B4242A5D280041AD1C /* Main.storyboard */,
				5CE130BC242A5D2A0041AD1C /* LaunchScreen.storyboard */,
			);
			path = Storyboards;
			sourceTree = "<group>";
		};
		5CE130D8242A5DA40041AD1C /* Assets */ = {
			isa = PBXGroup;
			children = (
				5CE130BA242A5D2A0041AD1C /* Assets.xcassets */,
			);
			path = Assets;
			sourceTree = "<group>";
		};
		5CE130D9242A5DFB0041AD1C /* Coordinators */ = {
			isa = PBXGroup;
			children = (
				5CF97C68242BF098002EF8ED /* ChildCoordinators */,
				5CF97C65242BED1F002EF8ED /* Protocols */,
				5CE130E6242A7DA90041AD1C /* TabBarCoordinator */,
				5CE130DA242A5E080041AD1C /* Coordinator.swift */,
				5CE130DC242A5E430041AD1C /* Storyboarded.swift */,
				5CE130E0242A5F5E0041AD1C /* MainCoordinator.swift */,
			);
			path = Coordinators;
			sourceTree = "<group>";
		};
		5CE130E6242A7DA90041AD1C /* TabBarCoordinator */ = {
			isa = PBXGroup;
			children = (
				5C046A1A242BC93700BE3616 /* MainTabBarController.swift */,
			);
			path = TabBarCoordinator;
			sourceTree = "<group>";
		};
		5CF97C65242BED1F002EF8ED /* Protocols */ = {
			isa = PBXGroup;
			children = (
				5CF97C66242BED45002EF8ED /* Buying.swift */,
			);
			path = Protocols;
			sourceTree = "<group>";
		};
		5CF97C68242BF098002EF8ED /* ChildCoordinators */ = {
			isa = PBXGroup;
			children = (
				5CF97C69242BF0B1002EF8ED /* FavoritesCoordinator.swift */,
				5CF97C6B242BF0C7002EF8ED /* ProfileCoordinator.swift */,
				5CF97C62242BDF19002EF8ED /* BuyCoordinator.swift */,
			);
			path = ChildCoordinators;
			sourceTree = "<group>";
		};
/* End PBXGroup section */

/* Begin PBXNativeTarget section */
		5CE130AA242A5D280041AD1C /* HowToUseCoordinatorPattern */ = {
			isa = PBXNativeTarget;
			buildConfigurationList = 5CE130CD242A5D2A0041AD1C /* Build configuration list for PBXNativeTarget "HowToUseCoordinatorPattern" */;
			buildPhases = (
				5CE130A7242A5D280041AD1C /* Sources */,
				5CE130A8242A5D280041AD1C /* Frameworks */,
				5CE130A9242A5D280041AD1C /* Resources */,
			);
			buildRules = (
			);
			dependencies = (
			);
			name = HowToUseCoordinatorPattern;
			productName = HowToUseCoordinatorPattern;
			productReference = 5CE130AB242A5D280041AD1C /* HowToUseCoordinatorPattern.app */;
			productType = "com.apple.product-type.application";
		};
		5CE130C3242A5D2A0041AD1C /* HowToUseCoordinatorPatternTests */ = {
			isa = PBXNativeTarget;
			buildConfigurationList = 5CE130D0242A5D2A0041AD1C /* Build configuration list for PBXNativeTarget "HowToUseCoordinatorPatternTests" */;
			buildPhases = (
				5CE130C0242A5D2A0041AD1C /* Sources */,
				5CE130C1242A5D2A0041AD1C /* Frameworks */,
				5CE130C2242A5D2A0041AD1C /* Resources */,
			);
			buildRules = (
			);
			dependencies = (
				5CE130C6242A5D2A0041AD1C /* PBXTargetDependency */,
			);
			name = HowToUseCoordinatorPatternTests;
			productName = HowToUseCoordinatorPatternTests;
			productReference = 5CE130C4242A5D2A0041AD1C /* HowToUseCoordinatorPatternTests.xctest */;
			productType = "com.apple.product-type.bundle.unit-test";
		};
/* End PBXNativeTarget section */

/* Begin PBXProject section */
		5CE130A3242A5D280041AD1C /* Project object */ = {
			isa = PBXProject;
			attributes = {
				LastSwiftUpdateCheck = 1120;
				LastUpgradeCheck = 1120;
				ORGANIZATIONNAME = "Daniel Gx";
				TargetAttributes = {
					5CE130AA242A5D280041AD1C = {
						CreatedOnToolsVersion = 11.2.1;
					};
					5CE130C3242A5D2A0041AD1C = {
						CreatedOnToolsVersion = 11.2.1;
						TestTargetID = 5CE130AA242A5D280041AD1C;
					};
				};
			};
			buildConfigurationList = 5CE130A6242A5D280041AD1C /* Build configuration list for PBXProject "HowToUseCoordinatorPattern" */;
			compatibilityVersion = "Xcode 9.3";
			developmentRegion = en;
			hasScannedForEncodings = 0;
			knownRegions = (
				en,
				Base,
			);
			mainGroup = 5CE130A2242A5D280041AD1C;
			productRefGroup = 5CE130AC242A5D280041AD1C /* Products */;
			projectDirPath = "";
			projectRoot = "";
			targets = (
				5CE130AA242A5D280041AD1C /* HowToUseCoordinatorPattern */,
				5CE130C3242A5D2A0041AD1C /* HowToUseCoordinatorPatternTests */,
			);
		};
/* End PBXProject section */

/* Begin PBXResourcesBuildPhase section */
		5CE130A9242A5D280041AD1C /* Resources */ = {
			isa = PBXResourcesBuildPhase;
			buildActionMask = 2147483647;
			files = (
				5CE130BE242A5D2A0041AD1C /* LaunchScreen.storyboard in Resources */,
				5CE130BB242A5D2A0041AD1C /* Assets.xcassets in Resources */,
				5CE130B6242A5D280041AD1C /* Main.storyboard in Resources */,
			);
			runOnlyForDeploymentPostprocessing = 0;
		};
		5CE130C2242A5D2A0041AD1C /* Resources */ = {
			isa = PBXResourcesBuildPhase;
			buildActionMask = 2147483647;
			files = (
			);
			runOnlyForDeploymentPostprocessing = 0;
		};
/* End PBXResourcesBuildPhase section */

/* Begin PBXSourcesBuildPhase section */
		5CE130A7242A5D280041AD1C /* Sources */ = {
			isa = PBXSourcesBuildPhase;
			buildActionMask = 2147483647;
			files = (
				5CE130DB242A5E080041AD1C /* Coordinator.swift in Sources */,
				5CE130E3242A622A0041AD1C /* BuyViewController.swift in Sources */,
				5C046A1B242BC93700BE3616 /* MainTabBarController.swift in Sources */,
				5CF97C6E242BF0E3002EF8ED /* FavoritesTableViewController.swift in Sources */,
				5CE130E1242A5F5E0041AD1C /* MainCoordinator.swift in Sources */,
				5CE130AF242A5D280041AD1C /* AppDelegate.swift in Sources */,
				5CF97C70242BF0EE002EF8ED /* ProfileViewController.swift in Sources */,
				5CF97C67242BED45002EF8ED /* Buying.swift in Sources */,
				5CF97C6A242BF0B1002EF8ED /* FavoritesCoordinator.swift in Sources */,
				5CE130DD242A5E430041AD1C /* Storyboarded.swift in Sources */,
				5CF97C6C242BF0C7002EF8ED /* ProfileCoordinator.swift in Sources */,
				5CE130DF242A5F220041AD1C /* MainViewController.swift in Sources */,
				5CE130E5242A62460041AD1C /* CreateAccountViewController.swift in Sources */,
				5CE130B1242A5D280041AD1C /* SceneDelegate.swift in Sources */,
				5CE130B9242A5D280041AD1C /* HowToUseCoordinatorPattern.xcdatamodeld in Sources */,
				5CF97C63242BDF19002EF8ED /* BuyCoordinator.swift in Sources */,
			);
			runOnlyForDeploymentPostprocessing = 0;
		};
		5CE130C0242A5D2A0041AD1C /* Sources */ = {
			isa = PBXSourcesBuildPhase;
			buildActionMask = 2147483647;
			files = (
				5CE130C9242A5D2A0041AD1C /* HowToUseCoordinatorPatternTests.swift in Sources */,
			);
			runOnlyForDeploymentPostprocessing = 0;
		};
/* End PBXSourcesBuildPhase section */

/* Begin PBXTargetDependency section */
		5CE130C6242A5D2A0041AD1C /* PBXTargetDependency */ = {
			isa = PBXTargetDependency;
			target = 5CE130AA242A5D280041AD1C /* HowToUseCoordinatorPattern */;
			targetProxy = 5CE130C5242A5D2A0041AD1C /* PBXContainerItemProxy */;
		};
/* End PBXTargetDependency section */

/* Begin PBXVariantGroup section */
		5CE130B4242A5D280041AD1C /* Main.storyboard */ = {
			isa = PBXVariantGroup;
			children = (
				5CE130B5242A5D280041AD1C /* Base */,
			);
			name = Main.storyboard;
			sourceTree = "<group>";
		};
		5CE130BC242A5D2A0041AD1C /* LaunchScreen.storyboard */ = {
			isa = PBXVariantGroup;
			children = (
				5CE130BD242A5D2A0041AD1C /* Base */,
			);
			name = LaunchScreen.storyboard;
			sourceTree = "<group>";
		};
/* End PBXVariantGroup section */

/* Begin XCBuildConfiguration section */
		5CE130CB242A5D2A0041AD1C /* Debug */ = {
			isa = XCBuildConfiguration;
			buildSettings = {
				ALWAYS_SEARCH_USER_PATHS = NO;
				CLANG_ANALYZER_NONNULL = YES;
				CLANG_ANALYZER_NUMBER_OBJECT_CONVERSION = YES_AGGRESSIVE;
				CLANG_CXX_LANGUAGE_STANDARD = "gnu++14";
				CLANG_CXX_LIBRARY = "libc++";
				CLANG_ENABLE_MODULES = YES;
				CLANG_ENABLE_OBJC_ARC = YES;
				CLANG_ENABLE_OBJC_WEAK = YES;
				CLANG_WARN_BLOCK_CAPTURE_AUTORELEASING = YES;
				CLANG_WARN_BOOL_CONVERSION = YES;
				CLANG_WARN_COMMA = YES;
				CLANG_WARN_CONSTANT_CONVERSION = YES;
				CLANG_WARN_DEPRECATED_OBJC_IMPLEMENTATIONS = YES;
				CLANG_WARN_DIRECT_OBJC_ISA_USAGE = YES_ERROR;
				CLANG_WARN_DOCUMENTATION_COMMENTS = YES;
				CLANG_WARN_EMPTY_BODY = YES;
				CLANG_WARN_ENUM_CONVERSION = YES;
				CLANG_WARN_INFINITE_RECURSION = YES;
				CLANG_WARN_INT_CONVERSION = YES;
				CLANG_WARN_NON_LITERAL_NULL_CONVERSION = YES;
				CLANG_WARN_OBJC_IMPLICIT_RETAIN_SELF = YES;
				CLANG_WARN_OBJC_LITERAL_CONVERSION = YES;
				CLANG_WARN_OBJC_ROOT_CLASS = YES_ERROR;
				CLANG_WARN_RANGE_LOOP_ANALYSIS = YES;
				CLANG_WARN_STRICT_PROTOTYPES = YES;
				CLANG_WARN_SUSPICIOUS_MOVE = YES;
				CLANG_WARN_UNGUARDED_AVAILABILITY = YES_AGGRESSIVE;
				CLANG_WARN_UNREACHABLE_CODE = YES;
				CLANG_WARN__DUPLICATE_METHOD_MATCH = YES;
				COPY_PHASE_STRIP = NO;
				DEBUG_INFORMATION_FORMAT = dwarf;
				ENABLE_STRICT_OBJC_MSGSEND = YES;
				ENABLE_TESTABILITY = YES;
				GCC_C_LANGUAGE_STANDARD = gnu11;
				GCC_DYNAMIC_NO_PIC = NO;
				GCC_NO_COMMON_BLOCKS = YES;
				GCC_OPTIMIZATION_LEVEL = 0;
				GCC_PREPROCESSOR_DEFINITIONS = (
					"DEBUG=1",
					"$(inherited)",
				);
				GCC_WARN_64_TO_32_BIT_CONVERSION = YES;
				GCC_WARN_ABOUT_RETURN_TYPE = YES_ERROR;
				GCC_WARN_UNDECLARED_SELECTOR = YES;
				GCC_WARN_UNINITIALIZED_AUTOS = YES_AGGRESSIVE;
				GCC_WARN_UNUSED_FUNCTION = YES;
				GCC_WARN_UNUSED_VARIABLE = YES;
				IPHONEOS_DEPLOYMENT_TARGET = 13.2;
				MTL_ENABLE_DEBUG_INFO = INCLUDE_SOURCE;
				MTL_FAST_MATH = YES;
				ONLY_ACTIVE_ARCH = YES;
				SDKROOT = iphoneos;
				SWIFT_ACTIVE_COMPILATION_CONDITIONS = DEBUG;
				SWIFT_OPTIMIZATION_LEVEL = "-Onone";
			};
			name = Debug;
		};
		5CE130CC242A5D2A0041AD1C /* Release */ = {
			isa = XCBuildConfiguration;
			buildSettings = {
				ALWAYS_SEARCH_USER_PATHS = NO;
				CLANG_ANALYZER_NONNULL = YES;
				CLANG_ANALYZER_NUMBER_OBJECT_CONVERSION = YES_AGGRESSIVE;
				CLANG_CXX_LANGUAGE_STANDARD = "gnu++14";
				CLANG_CXX_LIBRARY = "libc++";
				CLANG_ENABLE_MODULES = YES;
				CLANG_ENABLE_OBJC_ARC = YES;
				CLANG_ENABLE_OBJC_WEAK = YES;
				CLANG_WARN_BLOCK_CAPTURE_AUTORELEASING = YES;
				CLANG_WARN_BOOL_CONVERSION = YES;
				CLANG_WARN_COMMA = YES;
				CLANG_WARN_CONSTANT_CONVERSION = YES;
				CLANG_WARN_DEPRECATED_OBJC_IMPLEMENTATIONS = YES;
				CLANG_WARN_DIRECT_OBJC_ISA_USAGE = YES_ERROR;
				CLANG_WARN_DOCUMENTATION_COMMENTS = YES;
				CLANG_WARN_EMPTY_BODY = YES;
				CLANG_WARN_ENUM_CONVERSION = YES;
				CLANG_WARN_INFINITE_RECURSION = YES;
				CLANG_WARN_INT_CONVERSION = YES;
				CLANG_WARN_NON_LITERAL_NULL_CONVERSION = YES;
				CLANG_WARN_OBJC_IMPLICIT_RETAIN_SELF = YES;
				CLANG_WARN_OBJC_LITERAL_CONVERSION = YES;
				CLANG_WARN_OBJC_ROOT_CLASS = YES_ERROR;
				CLANG_WARN_RANGE_LOOP_ANALYSIS = YES;
				CLANG_WARN_STRICT_PROTOTYPES = YES;
				CLANG_WARN_SUSPICIOUS_MOVE = YES;
				CLANG_WARN_UNGUARDED_AVAILABILITY = YES_AGGRESSIVE;
				CLANG_WARN_UNREACHABLE_CODE = YES;
				CLANG_WARN__DUPLICATE_METHOD_MATCH = YES;
				COPY_PHASE_STRIP = NO;
				DEBUG_INFORMATION_FORMAT = "dwarf-with-dsym";
				ENABLE_NS_ASSERTIONS = NO;
				ENABLE_STRICT_OBJC_MSGSEND = YES;
				GCC_C_LANGUAGE_STANDARD = gnu11;
				GCC_NO_COMMON_BLOCKS = YES;
				GCC_WARN_64_TO_32_BIT_CONVERSION = YES;
				GCC_WARN_ABOUT_RETURN_TYPE = YES_ERROR;
				GCC_WARN_UNDECLARED_SELECTOR = YES;
				GCC_WARN_UNINITIALIZED_AUTOS = YES_AGGRESSIVE;
				GCC_WARN_UNUSED_FUNCTION = YES;
				GCC_WARN_UNUSED_VARIABLE = YES;
				IPHONEOS_DEPLOYMENT_TARGET = 13.2;
				MTL_ENABLE_DEBUG_INFO = NO;
				MTL_FAST_MATH = YES;
				SDKROOT = iphoneos;
				SWIFT_COMPILATION_MODE = wholemodule;
				SWIFT_OPTIMIZATION_LEVEL = "-O";
				VALIDATE_PRODUCT = YES;
			};
			name = Release;
		};
		5CE130CE242A5D2A0041AD1C /* Debug */ = {
			isa = XCBuildConfiguration;
			buildSettings = {
				ASSETCATALOG_COMPILER_APPICON_NAME = AppIcon;
				CODE_SIGN_STYLE = Automatic;
				INFOPLIST_FILE = HowToUseCoordinatorPattern/Info.plist;
				IPHONEOS_DEPLOYMENT_TARGET = 13.2;
				LD_RUNPATH_SEARCH_PATHS = (
					"$(inherited)",
					"@executable_path/Frameworks",
				);
				PRODUCT_BUNDLE_IDENTIFIER = com.danielgx.HowToUseCoordinatorPattern;
				PRODUCT_NAME = "$(TARGET_NAME)";
				SWIFT_VERSION = 5.0;
				TARGETED_DEVICE_FAMILY = "1,2";
			};
			name = Debug;
		};
		5CE130CF242A5D2A0041AD1C /* Release */ = {
			isa = XCBuildConfiguration;
			buildSettings = {
				ASSETCATALOG_COMPILER_APPICON_NAME = AppIcon;
				CODE_SIGN_STYLE = Automatic;
				INFOPLIST_FILE = HowToUseCoordinatorPattern/Info.plist;
				IPHONEOS_DEPLOYMENT_TARGET = 13.2;
				LD_RUNPATH_SEARCH_PATHS = (
					"$(inherited)",
					"@executable_path/Frameworks",
				);
				PRODUCT_BUNDLE_IDENTIFIER = com.danielgx.HowToUseCoordinatorPattern;
				PRODUCT_NAME = "$(TARGET_NAME)";
				SWIFT_VERSION = 5.0;
				TARGETED_DEVICE_FAMILY = "1,2";
			};
			name = Release;
		};
		5CE130D1242A5D2A0041AD1C /* Debug */ = {
			isa = XCBuildConfiguration;
			buildSettings = {
				ALWAYS_EMBED_SWIFT_STANDARD_LIBRARIES = YES;
				BUNDLE_LOADER = "$(TEST_HOST)";
				CODE_SIGN_STYLE = Automatic;
				INFOPLIST_FILE = HowToUseCoordinatorPatternTests/Info.plist;
				IPHONEOS_DEPLOYMENT_TARGET = 13.2;
				LD_RUNPATH_SEARCH_PATHS = (
					"$(inherited)",
					"@executable_path/Frameworks",
					"@loader_path/Frameworks",
				);
				PRODUCT_BUNDLE_IDENTIFIER = com.danielgx.HowToUseCoordinatorPatternTests;
				PRODUCT_NAME = "$(TARGET_NAME)";
				SWIFT_VERSION = 5.0;
				TARGETED_DEVICE_FAMILY = "1,2";
				TEST_HOST = "$(BUILT_PRODUCTS_DIR)/HowToUseCoordinatorPattern.app/HowToUseCoordinatorPattern";
			};
			name = Debug;
		};
		5CE130D2242A5D2A0041AD1C /* Release */ = {
			isa = XCBuildConfiguration;
			buildSettings = {
				ALWAYS_EMBED_SWIFT_STANDARD_LIBRARIES = YES;
				BUNDLE_LOADER = "$(TEST_HOST)";
				CODE_SIGN_STYLE = Automatic;
				INFOPLIST_FILE = HowToUseCoordinatorPatternTests/Info.plist;
				IPHONEOS_DEPLOYMENT_TARGET = 13.2;
				LD_RUNPATH_SEARCH_PATHS = (
					"$(inherited)",
					"@executable_path/Frameworks",
					"@loader_path/Frameworks",
				);
				PRODUCT_BUNDLE_IDENTIFIER = com.danielgx.HowToUseCoordinatorPatternTests;
				PRODUCT_NAME = "$(TARGET_NAME)";
				SWIFT_VERSION = 5.0;
				TARGETED_DEVICE_FAMILY = "1,2";
				TEST_HOST = "$(BUILT_PRODUCTS_DIR)/HowToUseCoordinatorPattern.app/HowToUseCoordinatorPattern";
			};
			name = Release;
		};
/* End XCBuildConfiguration section */

/* Begin XCConfigurationList section */
		5CE130A6242A5D280041AD1C /* Build configuration list for PBXProject "HowToUseCoordinatorPattern" */ = {
			isa = XCConfigurationList;
			buildConfigurations = (
				5CE130CB242A5D2A0041AD1C /* Debug */,
				5CE130CC242A5D2A0041AD1C /* Release */,
			);
			defaultConfigurationIsVisible = 0;
			defaultConfigurationName = Release;
		};
		5CE130CD242A5D2A0041AD1C /* Build configuration list for PBXNativeTarget "HowToUseCoordinatorPattern" */ = {
			isa = XCConfigurationList;
			buildConfigurations = (
				5CE130CE242A5D2A0041AD1C /* Debug */,
				5CE130CF242A5D2A0041AD1C /* Release */,
			);
			defaultConfigurationIsVisible = 0;
			defaultConfigurationName = Release;
		};
		5CE130D0242A5D2A0041AD1C /* Build configuration list for PBXNativeTarget "HowToUseCoordinatorPatternTests" */ = {
			isa = XCConfigurationList;
			buildConfigurations = (
				5CE130D1242A5D2A0041AD1C /* Debug */,
				5CE130D2242A5D2A0041AD1C /* Release */,
			);
			defaultConfigurationIsVisible = 0;
			defaultConfigurationName = Release;
		};
/* End XCConfigurationList section */

/* Begin XCVersionGroup section */
		5CE130B7242A5D280041AD1C /* HowToUseCoordinatorPattern.xcdatamodeld */ = {
			isa = XCVersionGroup;
			children = (
				5CE130B8242A5D280041AD1C /* HowToUseCoordinatorPattern.xcdatamodel */,
			);
			currentVersion = 5CE130B8242A5D280041AD1C /* HowToUseCoordinatorPattern.xcdatamodel */;
			path = HowToUseCoordinatorPattern.xcdatamodeld;
			sourceTree = "<group>";
			versionGroupType = wrapper.xcdatamodel;
		};
/* End XCVersionGroup section */
	};
	rootObject = 5CE130A3242A5D280041AD1C /* Project object */;
}
